<?xml version="1.0" encoding="utf-8"?>
<Project ToolsVersion="4.0" xmlns="http://schemas.microsoft.com/developer/msbuild/2003">
  <ItemGroup>
    <ClCompile Include="..\src\login.cpp" />
    <ClCompile Include="..\src\desktop.cpp" />
    <ClCompile Include="..\src\window_station.cpp" />
    <ClCompile Include="..\src\user_object.cpp" />
    <ClCompile Include="..\src\user_token.cpp" />
  </ItemGroup>
  <ItemGroup>
    <ClInclude Include="..\src\login_impl.hpp" />
    <ClInclude Include="..\src\desktop.hpp" />
    <ClInclude Include="..\src\window_station.hpp" />
    <ClInclude Include="..\src\user_object.hpp" />
    <ClInclude Include="..\src\user_token.hpp" />
  </ItemGroup>
</Project>